
Microsoft Visual Studio Solution File, Format Version 12.00
# Visual Studio Version 16
VisualStudioVersion = 16.0.29613.14
MinimumVisualStudioVersion = 10.0.40219.1
Project("{FAE04EC0-301F-11D3-BF4B-00C04F79EFBC}") = "Ever-Or-Odd", "Ever-Or-Odd\Ever-Or-Odd.csproj", "{2594B948-1874-471B-9C80-4E27AFAAF2DC}"
EndProject
Global
	GlobalSection(SolutionConfigurationPlatforms) = preSolution
		Debug|Any CPU = Debug|Any CPU
		Release|Any CPU = Release|Any CPU
	EndGlobalSection
	GlobalSection(ProjectConfigurationPlatforms) = postSolution
		{2594B948-1874-471B-9C80-4E27AFAAF2DC}.Debug|Any CPU.ActiveCfg = Debug|Any CPU
		{2594B948-1874-471B-9C80-4E27AFAAF2DC}.Debug|Any CPU.Build.0 = Debug|Any CPU
		{2594B948-1874-471B-9C80-4E27AFAAF2DC}.Release|Any CPU.ActiveCfg = Release|Any CPU
		{2594B948-1874-471B-9C80-4E27AFAAF2DC}.Release|Any CPU.Build.0 = Release|Any CPU
	EndGlobalSection
	GlobalSection(SolutionProperties) = preSolution
		HideSolutionNode = FALSE
	EndGlobalSection
	GlobalSection(ExtensibilityGlobals) = postSolution
		SolutionGuid = {38A315BB-4D4C-4867-BD80-C5A15D1D2987}
	EndGlobalSection
EndGlobal
